
Microsoft Visual Studio Solution File, Format Version 12.00
# Visual Studio Version 16
VisualStudioVersion = 16.0.30011.22
MinimumVisualStudioVersion = 10.0.40219.1
Project("{2150E333-8FDC-42A3-9474-1A3956D46DE8}") = "src", "src", "{CC759BFD-DBA6-4A6D-8A6F-5EA6F89B67F5}"
EndProject
Project("{9A19103F-16F7-4668-BE54-9A1E7A4F7556}") = "Application", "src\Application\Application.csproj", "{560848D2-1E25-43B1-8CF2-0C8D3338C5FD}"
EndProject
Project("{9A19103F-16F7-4668-BE54-9A1E7A4F7556}") = "Common.Abstractions", "src\Common.Abstractions\Common.Abstractions.csproj", "{0CEB6114-B8C9-4798-98DA-117F43F73145}"
EndProject
Project("{9A19103F-16F7-4668-BE54-9A1E7A4F7556}") = "Domain", "src\Domain\Domain.csproj", "{0F31AE41-F830-4B39-AA20-D98CF7478352}"
EndProject
Project("{9A19103F-16F7-4668-BE54-9A1E7A4F7556}") = "Infrastructure", "src\Infrastructure\Infrastructure.csproj", "{269C2717-372D-44AD-8093-F40A75D70BB6}"
EndProject
Project("{9A19103F-16F7-4668-BE54-9A1E7A4F7556}") = "Persistence", "src\Persistence\Persistence.csproj", "{1A870000-38B8-442D-ACCB-A945F8E534F5}"
EndProject
Project("{2150E333-8FDC-42A3-9474-1A3956D46DE8}") = "scripts", "scripts", "{9E37B666-FB83-4900-A3A4-6CA74F048FB0}"
	ProjectSection(SolutionItems) = preProject
		scripts\Environment.ps1 = scripts\Environment.ps1
		scripts\Functions.ps1 = scripts\Functions.ps1
		scripts\RunWatchServer.ps1 = scripts\RunWatchServer.ps1
		scripts\Environment.ps1.dist = scripts\Environment.ps1.dist
		scripts\Environment.sh = scripts\Environment.sh
		scripts\Environment.sh.dist = scripts\Environment.sh.dist
		scripts\Functions.sh = scripts\Functions.sh
		scripts\RunServer.sh = scripts\RunServer.sh
		scripts\RunWatchServer.sh = scripts\RunWatchServer.sh
	EndProjectSection
EndProject
Project("{9A19103F-16F7-4668-BE54-9A1E7A4F7556}") = "WebUI", "src\WebUI\WebUI.csproj", "{505F43CA-A08A-4C01-9130-F5F340B20825}"
EndProject
Project("{FAE04EC0-301F-11D3-BF4B-00C04F79EFBC}") = "BattleNet.Abstractions", "src\External.BattleNet\BattleNet.Abstractions.csproj", "{82973E5D-7683-40FC-A7C3-1E1978540E24}"
EndProject
Project("{2150E333-8FDC-42A3-9474-1A3956D46DE8}") = "External", "External", "{26B81DBB-2618-4D71-8027-A3D7D8F1BF96}"
EndProject
Project("{FAE04EC0-301F-11D3-BF4B-00C04F79EFBC}") = "BattleNet.Implementation", "src\BattleNet.Implementation\BattleNet.Implementation.csproj", "{8537798C-9A33-4B96-A609-C83A2828C37A}"
EndProject
Project("{FAE04EC0-301F-11D3-BF4B-00C04F79EFBC}") = "Configuration.Abstractions", "src\Configuration.Abstractions\Configuration.Abstractions.csproj", "{F0AC1E5B-A640-47BA-9B83-C9CDCB5F5B26}"
EndProject
Project("{FAE04EC0-301F-11D3-BF4B-00C04F79EFBC}") = "Configuration.Implementation", "src\Configuration.Implementation\Configuration.Implementation.csproj", "{7C01FAE7-1E88-483E-8446-F4572BC2C230}"
EndProject
Project("{2150E333-8FDC-42A3-9474-1A3956D46DE8}") = "Abstractions", "Abstractions", "{5636CB92-B594-44E3-A6B5-755CA49978ED}"
EndProject
Project("{2150E333-8FDC-42A3-9474-1A3956D46DE8}") = "Core", "Core", "{CAAB922D-383E-4BCE-8F69-A1FF58EEF707}"
EndProject
Project("{2150E333-8FDC-42A3-9474-1A3956D46DE8}") = "Infrastructure", "Infrastructure", "{456E070F-0FDB-4636-8746-546B6672D944}"
EndProject
Global
	GlobalSection(SolutionConfigurationPlatforms) = preSolution
		Debug|Any CPU = Debug|Any CPU
		Release|Any CPU = Release|Any CPU
	EndGlobalSection
	GlobalSection(ProjectConfigurationPlatforms) = postSolution
		{560848D2-1E25-43B1-8CF2-0C8D3338C5FD}.Debug|Any CPU.ActiveCfg = Debug|Any CPU
		{560848D2-1E25-43B1-8CF2-0C8D3338C5FD}.Debug|Any CPU.Build.0 = Debug|Any CPU
		{560848D2-1E25-43B1-8CF2-0C8D3338C5FD}.Release|Any CPU.ActiveCfg = Release|Any CPU
		{560848D2-1E25-43B1-8CF2-0C8D3338C5FD}.Release|Any CPU.Build.0 = Release|Any CPU
		{0CEB6114-B8C9-4798-98DA-117F43F73145}.Debug|Any CPU.ActiveCfg = Debug|Any CPU
		{0CEB6114-B8C9-4798-98DA-117F43F73145}.Debug|Any CPU.Build.0 = Debug|Any CPU
		{0CEB6114-B8C9-4798-98DA-117F43F73145}.Release|Any CPU.ActiveCfg = Release|Any CPU
		{0CEB6114-B8C9-4798-98DA-117F43F73145}.Release|Any CPU.Build.0 = Release|Any CPU
		{0F31AE41-F830-4B39-AA20-D98CF7478352}.Debug|Any CPU.ActiveCfg = Debug|Any CPU
		{0F31AE41-F830-4B39-AA20-D98CF7478352}.Debug|Any CPU.Build.0 = Debug|Any CPU
		{0F31AE41-F830-4B39-AA20-D98CF7478352}.Release|Any CPU.ActiveCfg = Release|Any CPU
		{0F31AE41-F830-4B39-AA20-D98CF7478352}.Release|Any CPU.Build.0 = Release|Any CPU
		{269C2717-372D-44AD-8093-F40A75D70BB6}.Debug|Any CPU.ActiveCfg = Debug|Any CPU
		{269C2717-372D-44AD-8093-F40A75D70BB6}.Debug|Any CPU.Build.0 = Debug|Any CPU
		{269C2717-372D-44AD-8093-F40A75D70BB6}.Release|Any CPU.ActiveCfg = Release|Any CPU
		{269C2717-372D-44AD-8093-F40A75D70BB6}.Release|Any CPU.Build.0 = Release|Any CPU
		{1A870000-38B8-442D-ACCB-A945F8E534F5}.Debug|Any CPU.ActiveCfg = Debug|Any CPU
		{1A870000-38B8-442D-ACCB-A945F8E534F5}.Debug|Any CPU.Build.0 = Debug|Any CPU
		{1A870000-38B8-442D-ACCB-A945F8E534F5}.Release|Any CPU.ActiveCfg = Release|Any CPU
		{1A870000-38B8-442D-ACCB-A945F8E534F5}.Release|Any CPU.Build.0 = Release|Any CPU
		{505F43CA-A08A-4C01-9130-F5F340B20825}.Debug|Any CPU.ActiveCfg = Debug|Any CPU
		{505F43CA-A08A-4C01-9130-F5F340B20825}.Debug|Any CPU.Build.0 = Debug|Any CPU
		{505F43CA-A08A-4C01-9130-F5F340B20825}.Release|Any CPU.ActiveCfg = Release|Any CPU
		{505F43CA-A08A-4C01-9130-F5F340B20825}.Release|Any CPU.Build.0 = Release|Any CPU
		{82973E5D-7683-40FC-A7C3-1E1978540E24}.Debug|Any CPU.ActiveCfg = Debug|Any CPU
		{82973E5D-7683-40FC-A7C3-1E1978540E24}.Debug|Any CPU.Build.0 = Debug|Any CPU
		{82973E5D-7683-40FC-A7C3-1E1978540E24}.Release|Any CPU.ActiveCfg = Release|Any CPU
		{82973E5D-7683-40FC-A7C3-1E1978540E24}.Release|Any CPU.Build.0 = Release|Any CPU
		{8537798C-9A33-4B96-A609-C83A2828C37A}.Debug|Any CPU.ActiveCfg = Debug|Any CPU
		{8537798C-9A33-4B96-A609-C83A2828C37A}.Debug|Any CPU.Build.0 = Debug|Any CPU
		{8537798C-9A33-4B96-A609-C83A2828C37A}.Release|Any CPU.ActiveCfg = Release|Any CPU
		{8537798C-9A33-4B96-A609-C83A2828C37A}.Release|Any CPU.Build.0 = Release|Any CPU
		{F0AC1E5B-A640-47BA-9B83-C9CDCB5F5B26}.Debug|Any CPU.ActiveCfg = Debug|Any CPU
		{F0AC1E5B-A640-47BA-9B83-C9CDCB5F5B26}.Debug|Any CPU.Build.0 = Debug|Any CPU
		{F0AC1E5B-A640-47BA-9B83-C9CDCB5F5B26}.Release|Any CPU.ActiveCfg = Release|Any CPU
		{F0AC1E5B-A640-47BA-9B83-C9CDCB5F5B26}.Release|Any CPU.Build.0 = Release|Any CPU
		{7C01FAE7-1E88-483E-8446-F4572BC2C230}.Debug|Any CPU.ActiveCfg = Debug|Any CPU
		{7C01FAE7-1E88-483E-8446-F4572BC2C230}.Debug|Any CPU.Build.0 = Debug|Any CPU
		{7C01FAE7-1E88-483E-8446-F4572BC2C230}.Release|Any CPU.ActiveCfg = Release|Any CPU
		{7C01FAE7-1E88-483E-8446-F4572BC2C230}.Release|Any CPU.Build.0 = Release|Any CPU
	EndGlobalSection
	GlobalSection(SolutionProperties) = preSolution
		HideSolutionNode = FALSE
	EndGlobalSection
	GlobalSection(NestedProjects) = preSolution
		{505F43CA-A08A-4C01-9130-F5F340B20825} = {CC759BFD-DBA6-4A6D-8A6F-5EA6F89B67F5}
		{8537798C-9A33-4B96-A609-C83A2828C37A} = {26B81DBB-2618-4D71-8027-A3D7D8F1BF96}
		{5636CB92-B594-44E3-A6B5-755CA49978ED} = {CC759BFD-DBA6-4A6D-8A6F-5EA6F89B67F5}
		{82973E5D-7683-40FC-A7C3-1E1978540E24} = {5636CB92-B594-44E3-A6B5-755CA49978ED}
		{F0AC1E5B-A640-47BA-9B83-C9CDCB5F5B26} = {5636CB92-B594-44E3-A6B5-755CA49978ED}
		{CAAB922D-383E-4BCE-8F69-A1FF58EEF707} = {CC759BFD-DBA6-4A6D-8A6F-5EA6F89B67F5}
		{456E070F-0FDB-4636-8746-546B6672D944} = {CC759BFD-DBA6-4A6D-8A6F-5EA6F89B67F5}
		{0F31AE41-F830-4B39-AA20-D98CF7478352} = {CAAB922D-383E-4BCE-8F69-A1FF58EEF707}
		{0CEB6114-B8C9-4798-98DA-117F43F73145} = {5636CB92-B594-44E3-A6B5-755CA49978ED}
		{26B81DBB-2618-4D71-8027-A3D7D8F1BF96} = {456E070F-0FDB-4636-8746-546B6672D944}
		{7C01FAE7-1E88-483E-8446-F4572BC2C230} = {456E070F-0FDB-4636-8746-546B6672D944}
		{560848D2-1E25-43B1-8CF2-0C8D3338C5FD} = {CAAB922D-383E-4BCE-8F69-A1FF58EEF707}
		{269C2717-372D-44AD-8093-F40A75D70BB6} = {456E070F-0FDB-4636-8746-546B6672D944}
		{1A870000-38B8-442D-ACCB-A945F8E534F5} = {456E070F-0FDB-4636-8746-546B6672D944}
	EndGlobalSection
	GlobalSection(ExtensibilityGlobals) = postSolution
		SolutionGuid = {0DED3979-C715-4E1B-ABCE-96D8B15DD2F5}
	EndGlobalSection
EndGlobal
