
Microsoft Visual Studio Solution File, Format Version 12.00
# Visual Studio Version 16
VisualStudioVersion = 16.0.30011.22
MinimumVisualStudioVersion = 10.0.40219.1
Project("{2150E333-8FDC-42A3-9474-1A3956D46DE8}") = "src", "src", "{CC759BFD-DBA6-4A6D-8A6F-5EA6F89B67F5}"
EndProject
Project("{9A19103F-16F7-4668-BE54-9A1E7A4F7556}") = "Application", "src\Application\Application.csproj", "{560848D2-1E25-43B1-8CF2-0C8D3338C5FD}"
EndProject
Project("{9A19103F-16F7-4668-BE54-9A1E7A4F7556}") = "Common", "src\Common\Common.csproj", "{0CEB6114-B8C9-4798-98DA-117F43F73145}"
EndProject
Project("{9A19103F-16F7-4668-BE54-9A1E7A4F7556}") = "Domain", "src\Domain\Domain.csproj", "{0F31AE41-F830-4B39-AA20-D98CF7478352}"
EndProject
Project("{9A19103F-16F7-4668-BE54-9A1E7A4F7556}") = "Infrastructure", "src\Infrastructure\Infrastructure.csproj", "{269C2717-372D-44AD-8093-F40A75D70BB6}"
EndProject
Project("{9A19103F-16F7-4668-BE54-9A1E7A4F7556}") = "Persistence", "src\Persistence\Persistence.csproj", "{1A870000-38B8-442D-ACCB-A945F8E534F5}"
EndProject
Project("{2150E333-8FDC-42A3-9474-1A3956D46DE8}") = "scripts", "scripts", "{9E37B666-FB83-4900-A3A4-6CA74F048FB0}"
	ProjectSection(SolutionItems) = preProject
		scripts\Environment.ps1 = scripts\Environment.ps1
		scripts\Functions.ps1 = scripts\Functions.ps1
		scripts\RunWatchServer.ps1 = scripts\RunWatchServer.ps1
		scripts\Environment.ps1.dist = scripts\Environment.ps1.dist
		scripts\Environment.sh = scripts\Environment.sh
		scripts\Environment.sh.dist = scripts\Environment.sh.dist
		scripts\Functions.sh = scripts\Functions.sh
		scripts\RunServer.sh = scripts\RunServer.sh
		scripts\RunWatchServer.sh = scripts\RunWatchServer.sh
	EndProjectSection
EndProject
Project("{9A19103F-16F7-4668-BE54-9A1E7A4F7556}") = "WebAPI", "src\WebAPI\WebAPI.csproj", "{505F43CA-A08A-4C01-9130-F5F340B20825}"
EndProject
Project("{FAE04EC0-301F-11D3-BF4B-00C04F79EFBC}") = "BattleNet.Abstractions", "src\External.BattleNet\BattleNet.Abstractions.csproj", "{82973E5D-7683-40FC-A7C3-1E1978540E24}"
EndProject
Project("{2150E333-8FDC-42A3-9474-1A3956D46DE8}") = "External", "External", "{26B81DBB-2618-4D71-8027-A3D7D8F1BF96}"
EndProject
Project("{FAE04EC0-301F-11D3-BF4B-00C04F79EFBC}") = "BattleNet.Implementation", "src\BattleNet.Implementation\BattleNet.Implementation.csproj", "{8537798C-9A33-4B96-A609-C83A2828C37A}"
EndProject
Project("{FAE04EC0-301F-11D3-BF4B-00C04F79EFBC}") = "Auth0.Abstractions", "src\Auth0.Abstractions\Auth0.Abstractions.csproj", "{DCCC4037-D784-4635-931C-B4858D80C12A}"
EndProject
Project("{FAE04EC0-301F-11D3-BF4B-00C04F79EFBC}") = "Auth0.Implementation", "src\Auth0.Implementation\Auth0.Implementation.csproj", "{15636D4F-600D-4D3C-B04B-26936E239465}"
EndProject
Project("{2150E333-8FDC-42A3-9474-1A3956D46DE8}") = "cli", "cli", "{A6123A9D-A154-4AEE-859B-D8EFF4D74C72}"
EndProject
Project("{FAE04EC0-301F-11D3-BF4B-00C04F79EFBC}") = "Configuration.Abstractions", "src\Configuration.Abstractions\Configuration.Abstractions.csproj", "{BBCE29FA-BCA8-4DA8-9A4F-43C7B464E99B}"
EndProject
Project("{FAE04EC0-301F-11D3-BF4B-00C04F79EFBC}") = "Configuration.Implementation", "src\Configuration.Implementation\Configuration.Implementation.csproj", "{B2834528-2E95-4920-ACAB-65D8C1E1DF1A}"
EndProject
Global
	GlobalSection(SolutionConfigurationPlatforms) = preSolution
		Debug|Any CPU = Debug|Any CPU
		Release|Any CPU = Release|Any CPU
	EndGlobalSection
	GlobalSection(ProjectConfigurationPlatforms) = postSolution
		{560848D2-1E25-43B1-8CF2-0C8D3338C5FD}.Debug|Any CPU.ActiveCfg = Debug|Any CPU
		{560848D2-1E25-43B1-8CF2-0C8D3338C5FD}.Debug|Any CPU.Build.0 = Debug|Any CPU
		{560848D2-1E25-43B1-8CF2-0C8D3338C5FD}.Release|Any CPU.ActiveCfg = Release|Any CPU
		{560848D2-1E25-43B1-8CF2-0C8D3338C5FD}.Release|Any CPU.Build.0 = Release|Any CPU
		{0CEB6114-B8C9-4798-98DA-117F43F73145}.Debug|Any CPU.ActiveCfg = Debug|Any CPU
		{0CEB6114-B8C9-4798-98DA-117F43F73145}.Debug|Any CPU.Build.0 = Debug|Any CPU
		{0CEB6114-B8C9-4798-98DA-117F43F73145}.Release|Any CPU.ActiveCfg = Release|Any CPU
		{0CEB6114-B8C9-4798-98DA-117F43F73145}.Release|Any CPU.Build.0 = Release|Any CPU
		{0F31AE41-F830-4B39-AA20-D98CF7478352}.Debug|Any CPU.ActiveCfg = Debug|Any CPU
		{0F31AE41-F830-4B39-AA20-D98CF7478352}.Debug|Any CPU.Build.0 = Debug|Any CPU
		{0F31AE41-F830-4B39-AA20-D98CF7478352}.Release|Any CPU.ActiveCfg = Release|Any CPU
		{0F31AE41-F830-4B39-AA20-D98CF7478352}.Release|Any CPU.Build.0 = Release|Any CPU
		{269C2717-372D-44AD-8093-F40A75D70BB6}.Debug|Any CPU.ActiveCfg = Debug|Any CPU
		{269C2717-372D-44AD-8093-F40A75D70BB6}.Debug|Any CPU.Build.0 = Debug|Any CPU
		{269C2717-372D-44AD-8093-F40A75D70BB6}.Release|Any CPU.ActiveCfg = Release|Any CPU
		{269C2717-372D-44AD-8093-F40A75D70BB6}.Release|Any CPU.Build.0 = Release|Any CPU
		{1A870000-38B8-442D-ACCB-A945F8E534F5}.Debug|Any CPU.ActiveCfg = Debug|Any CPU
		{1A870000-38B8-442D-ACCB-A945F8E534F5}.Debug|Any CPU.Build.0 = Debug|Any CPU
		{1A870000-38B8-442D-ACCB-A945F8E534F5}.Release|Any CPU.ActiveCfg = Release|Any CPU
		{1A870000-38B8-442D-ACCB-A945F8E534F5}.Release|Any CPU.Build.0 = Release|Any CPU
		{505F43CA-A08A-4C01-9130-F5F340B20825}.Debug|Any CPU.ActiveCfg = Debug|Any CPU
		{505F43CA-A08A-4C01-9130-F5F340B20825}.Debug|Any CPU.Build.0 = Debug|Any CPU
		{505F43CA-A08A-4C01-9130-F5F340B20825}.Release|Any CPU.ActiveCfg = Release|Any CPU
		{505F43CA-A08A-4C01-9130-F5F340B20825}.Release|Any CPU.Build.0 = Release|Any CPU
		{82973E5D-7683-40FC-A7C3-1E1978540E24}.Debug|Any CPU.ActiveCfg = Debug|Any CPU
		{82973E5D-7683-40FC-A7C3-1E1978540E24}.Debug|Any CPU.Build.0 = Debug|Any CPU
		{82973E5D-7683-40FC-A7C3-1E1978540E24}.Release|Any CPU.ActiveCfg = Release|Any CPU
		{82973E5D-7683-40FC-A7C3-1E1978540E24}.Release|Any CPU.Build.0 = Release|Any CPU
		{8537798C-9A33-4B96-A609-C83A2828C37A}.Debug|Any CPU.ActiveCfg = Debug|Any CPU
		{8537798C-9A33-4B96-A609-C83A2828C37A}.Debug|Any CPU.Build.0 = Debug|Any CPU
		{8537798C-9A33-4B96-A609-C83A2828C37A}.Release|Any CPU.ActiveCfg = Release|Any CPU
		{8537798C-9A33-4B96-A609-C83A2828C37A}.Release|Any CPU.Build.0 = Release|Any CPU
		{DCCC4037-D784-4635-931C-B4858D80C12A}.Debug|Any CPU.ActiveCfg = Debug|Any CPU
		{DCCC4037-D784-4635-931C-B4858D80C12A}.Debug|Any CPU.Build.0 = Debug|Any CPU
		{DCCC4037-D784-4635-931C-B4858D80C12A}.Release|Any CPU.ActiveCfg = Release|Any CPU
		{DCCC4037-D784-4635-931C-B4858D80C12A}.Release|Any CPU.Build.0 = Release|Any CPU
		{15636D4F-600D-4D3C-B04B-26936E239465}.Debug|Any CPU.ActiveCfg = Debug|Any CPU
		{15636D4F-600D-4D3C-B04B-26936E239465}.Debug|Any CPU.Build.0 = Debug|Any CPU
		{15636D4F-600D-4D3C-B04B-26936E239465}.Release|Any CPU.ActiveCfg = Release|Any CPU
		{15636D4F-600D-4D3C-B04B-26936E239465}.Release|Any CPU.Build.0 = Release|Any CPU
		{BBCE29FA-BCA8-4DA8-9A4F-43C7B464E99B}.Debug|Any CPU.ActiveCfg = Debug|Any CPU
		{BBCE29FA-BCA8-4DA8-9A4F-43C7B464E99B}.Debug|Any CPU.Build.0 = Debug|Any CPU
		{BBCE29FA-BCA8-4DA8-9A4F-43C7B464E99B}.Release|Any CPU.ActiveCfg = Release|Any CPU
		{BBCE29FA-BCA8-4DA8-9A4F-43C7B464E99B}.Release|Any CPU.Build.0 = Release|Any CPU
		{B2834528-2E95-4920-ACAB-65D8C1E1DF1A}.Debug|Any CPU.ActiveCfg = Debug|Any CPU
		{B2834528-2E95-4920-ACAB-65D8C1E1DF1A}.Debug|Any CPU.Build.0 = Debug|Any CPU
		{B2834528-2E95-4920-ACAB-65D8C1E1DF1A}.Release|Any CPU.ActiveCfg = Release|Any CPU
		{B2834528-2E95-4920-ACAB-65D8C1E1DF1A}.Release|Any CPU.Build.0 = Release|Any CPU
	EndGlobalSection
	GlobalSection(SolutionProperties) = preSolution
		HideSolutionNode = FALSE
	EndGlobalSection
	GlobalSection(NestedProjects) = preSolution
		{560848D2-1E25-43B1-8CF2-0C8D3338C5FD} = {CC759BFD-DBA6-4A6D-8A6F-5EA6F89B67F5}
		{0CEB6114-B8C9-4798-98DA-117F43F73145} = {CC759BFD-DBA6-4A6D-8A6F-5EA6F89B67F5}
		{0F31AE41-F830-4B39-AA20-D98CF7478352} = {CC759BFD-DBA6-4A6D-8A6F-5EA6F89B67F5}
		{269C2717-372D-44AD-8093-F40A75D70BB6} = {CC759BFD-DBA6-4A6D-8A6F-5EA6F89B67F5}
		{1A870000-38B8-442D-ACCB-A945F8E534F5} = {CC759BFD-DBA6-4A6D-8A6F-5EA6F89B67F5}
		{505F43CA-A08A-4C01-9130-F5F340B20825} = {CC759BFD-DBA6-4A6D-8A6F-5EA6F89B67F5}
		{82973E5D-7683-40FC-A7C3-1E1978540E24} = {26B81DBB-2618-4D71-8027-A3D7D8F1BF96}
		{26B81DBB-2618-4D71-8027-A3D7D8F1BF96} = {CC759BFD-DBA6-4A6D-8A6F-5EA6F89B67F5}
		{8537798C-9A33-4B96-A609-C83A2828C37A} = {26B81DBB-2618-4D71-8027-A3D7D8F1BF96}
		{DCCC4037-D784-4635-931C-B4858D80C12A} = {26B81DBB-2618-4D71-8027-A3D7D8F1BF96}
		{15636D4F-600D-4D3C-B04B-26936E239465} = {26B81DBB-2618-4D71-8027-A3D7D8F1BF96}
		{BBCE29FA-BCA8-4DA8-9A4F-43C7B464E99B} = {26B81DBB-2618-4D71-8027-A3D7D8F1BF96}
		{B2834528-2E95-4920-ACAB-65D8C1E1DF1A} = {26B81DBB-2618-4D71-8027-A3D7D8F1BF96}
	EndGlobalSection
	GlobalSection(ExtensibilityGlobals) = postSolution
		SolutionGuid = {0DED3979-C715-4E1B-ABCE-96D8B15DD2F5}
	EndGlobalSection
EndGlobal
