
Microsoft Visual Studio Solution File, Format Version 12.00
# Visual Studio Version 16
VisualStudioVersion = 16.0.30011.22
MinimumVisualStudioVersion = 10.0.40219.1
Project("{9A19103F-16F7-4668-BE54-9A1E7A4F7556}") = "LaDanse.WebAPI", "LaDanse.WebAPI\LaDanse.WebAPI.csproj", "{447A5689-DB44-4361-976F-D33AC13C8304}"
EndProject
Project("{2150E333-8FDC-42A3-9474-1A3956D46DE8}") = "src", "src", "{CC759BFD-DBA6-4A6D-8A6F-5EA6F89B67F5}"
EndProject
Project("{2150E333-8FDC-42A3-9474-1A3956D46DE8}") = "Presentation", "Presentation", "{C4AF145F-2459-4220-9A08-A6ECFDDCC74D}"
EndProject
Project("{2150E333-8FDC-42A3-9474-1A3956D46DE8}") = "Common", "Common", "{9E25482D-E5E4-4D28-81A4-EDF616C2A89A}"
EndProject
Project("{2150E333-8FDC-42A3-9474-1A3956D46DE8}") = "Core", "Core", "{CA9A235C-D761-461E-A693-E230F1D9FEFE}"
EndProject
Project("{2150E333-8FDC-42A3-9474-1A3956D46DE8}") = "Infrastructure", "Infrastructure", "{FD7D746A-B39D-4A70-BC9C-B20B383EDAB2}"
EndProject
Project("{9A19103F-16F7-4668-BE54-9A1E7A4F7556}") = "LaDanse.Common", "LaDanse.Common\LaDanse.Common.csproj", "{EA79DBD0-A33E-41C5-BAD4-40D95D47EA10}"
EndProject
Project("{9A19103F-16F7-4668-BE54-9A1E7A4F7556}") = "LaDanse.Infrastructure", "LaDanse.Infrastructure\LaDanse.Infrastructure.csproj", "{B6BAFF40-EEAC-40FC-8FB3-C82D0964133B}"
EndProject
Project("{9A19103F-16F7-4668-BE54-9A1E7A4F7556}") = "LaDanse.Core.GameData", "LaDanse.Core.GameData\LaDanse.Core.GameData.csproj", "{293E23AA-6AAC-4F3F-A216-2101371272F4}"
EndProject
Project("{9A19103F-16F7-4668-BE54-9A1E7A4F7556}") = "LaDanse.Core.Event", "LaDanse.Core.Event\LaDanse.Core.Event.csproj", "{2B26C342-8D8D-46A4-936B-2D6858F440F7}"
EndProject
Project("{FAE04EC0-301F-11D3-BF4B-00C04F79EFBC}") = "LaDanse.Persistence", "LaDanse.Persistence\LaDanse.Persistence.csproj", "{03C33AC0-69E7-4984-9B1F-F32CE7ECB448}"
EndProject
Global
	GlobalSection(SolutionConfigurationPlatforms) = preSolution
		Debug|Any CPU = Debug|Any CPU
		Release|Any CPU = Release|Any CPU
	EndGlobalSection
	GlobalSection(ProjectConfigurationPlatforms) = postSolution
		{447A5689-DB44-4361-976F-D33AC13C8304}.Debug|Any CPU.ActiveCfg = Debug|Any CPU
		{447A5689-DB44-4361-976F-D33AC13C8304}.Debug|Any CPU.Build.0 = Debug|Any CPU
		{447A5689-DB44-4361-976F-D33AC13C8304}.Release|Any CPU.ActiveCfg = Release|Any CPU
		{447A5689-DB44-4361-976F-D33AC13C8304}.Release|Any CPU.Build.0 = Release|Any CPU
		{EA79DBD0-A33E-41C5-BAD4-40D95D47EA10}.Debug|Any CPU.ActiveCfg = Debug|Any CPU
		{EA79DBD0-A33E-41C5-BAD4-40D95D47EA10}.Debug|Any CPU.Build.0 = Debug|Any CPU
		{EA79DBD0-A33E-41C5-BAD4-40D95D47EA10}.Release|Any CPU.ActiveCfg = Release|Any CPU
		{EA79DBD0-A33E-41C5-BAD4-40D95D47EA10}.Release|Any CPU.Build.0 = Release|Any CPU
		{B6BAFF40-EEAC-40FC-8FB3-C82D0964133B}.Debug|Any CPU.ActiveCfg = Debug|Any CPU
		{B6BAFF40-EEAC-40FC-8FB3-C82D0964133B}.Debug|Any CPU.Build.0 = Debug|Any CPU
		{B6BAFF40-EEAC-40FC-8FB3-C82D0964133B}.Release|Any CPU.ActiveCfg = Release|Any CPU
		{B6BAFF40-EEAC-40FC-8FB3-C82D0964133B}.Release|Any CPU.Build.0 = Release|Any CPU
		{293E23AA-6AAC-4F3F-A216-2101371272F4}.Debug|Any CPU.ActiveCfg = Debug|Any CPU
		{293E23AA-6AAC-4F3F-A216-2101371272F4}.Debug|Any CPU.Build.0 = Debug|Any CPU
		{293E23AA-6AAC-4F3F-A216-2101371272F4}.Release|Any CPU.ActiveCfg = Release|Any CPU
		{293E23AA-6AAC-4F3F-A216-2101371272F4}.Release|Any CPU.Build.0 = Release|Any CPU
		{2B26C342-8D8D-46A4-936B-2D6858F440F7}.Debug|Any CPU.ActiveCfg = Debug|Any CPU
		{2B26C342-8D8D-46A4-936B-2D6858F440F7}.Debug|Any CPU.Build.0 = Debug|Any CPU
		{2B26C342-8D8D-46A4-936B-2D6858F440F7}.Release|Any CPU.ActiveCfg = Release|Any CPU
		{2B26C342-8D8D-46A4-936B-2D6858F440F7}.Release|Any CPU.Build.0 = Release|Any CPU
		{03C33AC0-69E7-4984-9B1F-F32CE7ECB448}.Debug|Any CPU.ActiveCfg = Debug|Any CPU
		{03C33AC0-69E7-4984-9B1F-F32CE7ECB448}.Debug|Any CPU.Build.0 = Debug|Any CPU
		{03C33AC0-69E7-4984-9B1F-F32CE7ECB448}.Release|Any CPU.ActiveCfg = Release|Any CPU
		{03C33AC0-69E7-4984-9B1F-F32CE7ECB448}.Release|Any CPU.Build.0 = Release|Any CPU
	EndGlobalSection
	GlobalSection(SolutionProperties) = preSolution
		HideSolutionNode = FALSE
	EndGlobalSection
	GlobalSection(NestedProjects) = preSolution
		{447A5689-DB44-4361-976F-D33AC13C8304} = {C4AF145F-2459-4220-9A08-A6ECFDDCC74D}
		{C4AF145F-2459-4220-9A08-A6ECFDDCC74D} = {CC759BFD-DBA6-4A6D-8A6F-5EA6F89B67F5}
		{9E25482D-E5E4-4D28-81A4-EDF616C2A89A} = {CC759BFD-DBA6-4A6D-8A6F-5EA6F89B67F5}
		{CA9A235C-D761-461E-A693-E230F1D9FEFE} = {CC759BFD-DBA6-4A6D-8A6F-5EA6F89B67F5}
		{FD7D746A-B39D-4A70-BC9C-B20B383EDAB2} = {CC759BFD-DBA6-4A6D-8A6F-5EA6F89B67F5}
		{EA79DBD0-A33E-41C5-BAD4-40D95D47EA10} = {9E25482D-E5E4-4D28-81A4-EDF616C2A89A}
		{B6BAFF40-EEAC-40FC-8FB3-C82D0964133B} = {FD7D746A-B39D-4A70-BC9C-B20B383EDAB2}
		{293E23AA-6AAC-4F3F-A216-2101371272F4} = {CA9A235C-D761-461E-A693-E230F1D9FEFE}
		{2B26C342-8D8D-46A4-936B-2D6858F440F7} = {CA9A235C-D761-461E-A693-E230F1D9FEFE}
		{03C33AC0-69E7-4984-9B1F-F32CE7ECB448} = {FD7D746A-B39D-4A70-BC9C-B20B383EDAB2}
	EndGlobalSection
	GlobalSection(ExtensibilityGlobals) = postSolution
		SolutionGuid = {0DED3979-C715-4E1B-ABCE-96D8B15DD2F5}
	EndGlobalSection
EndGlobal
